
Microsoft Visual Studio Solution File, Format Version 12.00
# Visual Studio Version 16
VisualStudioVersion = 16.0.30804.86
MinimumVisualStudioVersion = 10.0.40219.1
Project("{FAE04EC0-301F-11D3-BF4B-00C04F79EFBC}") = "Gsb4", "Gsb4\Gsb4.csproj", "{19F5F409-5091-4A11-8B0E-3E6AFB571927}"
EndProject
Project("{FAE04EC0-301F-11D3-BF4B-00C04F79EFBC}") = "TestUnitaire", "TestUnitaire\TestUnitaire.csproj", "{1FBB376D-B9FF-41EA-ABCA-DA38FF2042B8}"
EndProject
Project("{FAE04EC0-301F-11D3-BF4B-00C04F79EFBC}") = "GsbService", "GsbService\GsbService.csproj", "{8F5F6F0B-703A-4238-AF04-17BB4EC53BBE}"
EndProject
Global
	GlobalSection(SolutionConfigurationPlatforms) = preSolution
		Debug|Any CPU = Debug|Any CPU
		Release|Any CPU = Release|Any CPU
	EndGlobalSection
	GlobalSection(ProjectConfigurationPlatforms) = postSolution
		{19F5F409-5091-4A11-8B0E-3E6AFB571927}.Debug|Any CPU.ActiveCfg = Debug|Any CPU
		{19F5F409-5091-4A11-8B0E-3E6AFB571927}.Debug|Any CPU.Build.0 = Debug|Any CPU
		{19F5F409-5091-4A11-8B0E-3E6AFB571927}.Release|Any CPU.ActiveCfg = Release|Any CPU
		{19F5F409-5091-4A11-8B0E-3E6AFB571927}.Release|Any CPU.Build.0 = Release|Any CPU
		{1FBB376D-B9FF-41EA-ABCA-DA38FF2042B8}.Debug|Any CPU.ActiveCfg = Debug|Any CPU
		{1FBB376D-B9FF-41EA-ABCA-DA38FF2042B8}.Debug|Any CPU.Build.0 = Debug|Any CPU
		{1FBB376D-B9FF-41EA-ABCA-DA38FF2042B8}.Release|Any CPU.ActiveCfg = Release|Any CPU
		{1FBB376D-B9FF-41EA-ABCA-DA38FF2042B8}.Release|Any CPU.Build.0 = Release|Any CPU
		{8F5F6F0B-703A-4238-AF04-17BB4EC53BBE}.Debug|Any CPU.ActiveCfg = Debug|Any CPU
		{8F5F6F0B-703A-4238-AF04-17BB4EC53BBE}.Debug|Any CPU.Build.0 = Debug|Any CPU
		{8F5F6F0B-703A-4238-AF04-17BB4EC53BBE}.Release|Any CPU.ActiveCfg = Release|Any CPU
		{8F5F6F0B-703A-4238-AF04-17BB4EC53BBE}.Release|Any CPU.Build.0 = Release|Any CPU
	EndGlobalSection
	GlobalSection(SolutionProperties) = preSolution
		HideSolutionNode = FALSE
	EndGlobalSection
	GlobalSection(ExtensibilityGlobals) = postSolution
		SolutionGuid = {BE1F3712-1364-4114-8354-81AA2CEB7A74}
	EndGlobalSection
EndGlobal
